
Microsoft Visual Studio Solution File, Format Version 12.00
# Visual Studio Version 16
VisualStudioVersion = 16.0.30907.101
MinimumVisualStudioVersion = 10.0.40219.1
Project("{8BC9CEB8-8B4A-11D0-8D11-00A0C91BC942}") = "server", "server\server.vcxproj", "{B74D2636-05C1-42BA-9D09-88C14B8DE75D}"
EndProject
Project("{8BC9CEB8-8B4A-11D0-8D11-00A0C91BC942}") = "client", "client\client.vcxproj", "{6B3A7A47-C12A-4D66-854D-3E75330F99C6}"
EndProject
Project("{2150E333-8FDC-42A3-9474-1A3956D46DE8}") = "shared", "shared", "{23AE6F6B-D7DE-4053-A5E1-6C5276E8FE60}"
	ProjectSection(SolutionItems) = preProject
		shared\message_defs.c = shared\message_defs.c
		shared\message_defs.h = shared\message_defs.h
		shared\socket_handle.c = shared\socket_handle.c
		shared\socket_handle.h = shared\socket_handle.h
		shared\threads.c = shared\threads.c
		shared\threads.h = shared\threads.h
	EndProjectSection
EndProject
Project("{2150E333-8FDC-42A3-9474-1A3956D46DE8}") = "Misc", "Misc", "{F98A0B03-6216-4C72-8F07-5405A1BBC57C}"
	ProjectSection(SolutionItems) = preProject
		shared\FileApi\file.c = shared\FileApi\file.c
		shared\FileApi\file.h = shared\FileApi\file.h
		shared\queue.c = shared\queue.c
		shared\queue.h = shared\queue.h
	EndProjectSection
EndProject
Global
	GlobalSection(SolutionConfigurationPlatforms) = preSolution
		Debug|x64 = Debug|x64
		Debug|x86 = Debug|x86
		Release|x64 = Release|x64
		Release|x86 = Release|x86
	EndGlobalSection
	GlobalSection(ProjectConfigurationPlatforms) = postSolution
		{B74D2636-05C1-42BA-9D09-88C14B8DE75D}.Debug|x64.ActiveCfg = Debug|x64
		{B74D2636-05C1-42BA-9D09-88C14B8DE75D}.Debug|x64.Build.0 = Debug|x64
		{B74D2636-05C1-42BA-9D09-88C14B8DE75D}.Debug|x86.ActiveCfg = Debug|Win32
		{B74D2636-05C1-42BA-9D09-88C14B8DE75D}.Debug|x86.Build.0 = Debug|Win32
		{B74D2636-05C1-42BA-9D09-88C14B8DE75D}.Release|x64.ActiveCfg = Release|x64
		{B74D2636-05C1-42BA-9D09-88C14B8DE75D}.Release|x64.Build.0 = Release|x64
		{B74D2636-05C1-42BA-9D09-88C14B8DE75D}.Release|x86.ActiveCfg = Release|Win32
		{B74D2636-05C1-42BA-9D09-88C14B8DE75D}.Release|x86.Build.0 = Release|Win32
		{6B3A7A47-C12A-4D66-854D-3E75330F99C6}.Debug|x64.ActiveCfg = Debug|x64
		{6B3A7A47-C12A-4D66-854D-3E75330F99C6}.Debug|x64.Build.0 = Debug|x64
		{6B3A7A47-C12A-4D66-854D-3E75330F99C6}.Debug|x86.ActiveCfg = Debug|Win32
		{6B3A7A47-C12A-4D66-854D-3E75330F99C6}.Debug|x86.Build.0 = Debug|Win32
		{6B3A7A47-C12A-4D66-854D-3E75330F99C6}.Release|x64.ActiveCfg = Release|x64
		{6B3A7A47-C12A-4D66-854D-3E75330F99C6}.Release|x64.Build.0 = Release|x64
		{6B3A7A47-C12A-4D66-854D-3E75330F99C6}.Release|x86.ActiveCfg = Release|Win32
		{6B3A7A47-C12A-4D66-854D-3E75330F99C6}.Release|x86.Build.0 = Release|Win32
	EndGlobalSection
	GlobalSection(SolutionProperties) = preSolution
		HideSolutionNode = FALSE
	EndGlobalSection
	GlobalSection(NestedProjects) = preSolution
		{F98A0B03-6216-4C72-8F07-5405A1BBC57C} = {23AE6F6B-D7DE-4053-A5E1-6C5276E8FE60}
	EndGlobalSection
	GlobalSection(ExtensibilityGlobals) = postSolution
		SolutionGuid = {55363FE3-9D1A-4CA1-9053-F735F4A9A9B8}
	EndGlobalSection
EndGlobal
