<?xml version="1.0" encoding="utf-8"?>
<Project ToolsVersion="4.0" xmlns="http://schemas.microsoft.com/developer/msbuild/2003">
  <ItemGroup>
    <Filter Include="Source Files">
      <UniqueIdentifier>{4FC737F1-C7A5-4376-A066-2A32D752A2FF}</UniqueIdentifier>
      <Extensions>cpp;c;cc;cxx;c++;cppm;ixx;def;odl;idl;hpj;bat;asm;asmx</Extensions>
    </Filter>
    <Filter Include="Header Files">
      <UniqueIdentifier>{93995380-89BD-4b04-88EB-625FBE52EBFB}</UniqueIdentifier>
      <Extensions>h;hh;hpp;hxx;h++;hm;inl;inc;ipp;xsd</Extensions>
    </Filter>
    <Filter Include="shared">
      <UniqueIdentifier>{37e32e27-13f8-4aa9-b4a2-c0c64c41e732}</UniqueIdentifier>
    </Filter>
    <Filter Include="shared\src">
      <UniqueIdentifier>{99b29d5e-1f45-418e-8560-8629216f22d9}</UniqueIdentifier>
    </Filter>
    <Filter Include="shared\inc">
      <UniqueIdentifier>{7476d32a-baa5-46fc-bbea-2f2023572343}</UniqueIdentifier>
    </Filter>
  </ItemGroup>
  <ItemGroup>
    <ClCompile Include="client_main.c">
      <Filter>Source Files</Filter>
    </ClCompile>
    <ClCompile Include="client_send_recv.c">
      <Filter>Source Files</Filter>
    </ClCompile>
    <ClCompile Include="..\shared\queue.c">
      <Filter>shared\src</Filter>
    </ClCompile>
    <ClCompile Include="..\shared\message_defs.c">
      <Filter>shared\src</Filter>
    </ClCompile>
    <ClCompile Include="..\shared\socket_handle.c">
      <Filter>shared\src</Filter>
    </ClCompile>
    <ClCompile Include="..\shared\threads.c">
      <Filter>shared\src</Filter>
    </ClCompile>
    <ClCompile Include="..\shared\FileApi\file.c">
      <Filter>shared\src</Filter>
    </ClCompile>
  </ItemGroup>
  <ItemGroup>
    <ClInclude Include="client_send_recv.h">
      <Filter>Header Files</Filter>
    </ClInclude>
    <ClInclude Include="..\shared\message_defs.h">
      <Filter>shared\inc</Filter>
    </ClInclude>
    <ClInclude Include="..\shared\queue.h">
      <Filter>shared\inc</Filter>
    </ClInclude>
    <ClInclude Include="..\shared\socket_handle.h">
      <Filter>shared\inc</Filter>
    </ClInclude>
    <ClInclude Include="..\shared\threads.h">
      <Filter>shared\inc</Filter>
    </ClInclude>
    <ClInclude Include="..\shared\FileApi\file.h">
      <Filter>shared\inc</Filter>
    </ClInclude>
  </ItemGroup>
</Project>